
Microsoft Visual Studio Solution File, Format Version 12.00
# Visual Studio Version 16
VisualStudioVersion = 16.0.31624.102
MinimumVisualStudioVersion = 10.0.40219.1
Project("{FAE04EC0-301F-11D3-BF4B-00C04F79EFBC}") = "StudentCrud", "StudentCrud\StudentCrud.csproj", "{2BFEA467-C429-4DD1-B66C-9C4BDFD65CC0}"
EndProject
Global
	GlobalSection(SolutionConfigurationPlatforms) = preSolution
		Debug|Any CPU = Debug|Any CPU
		Release|Any CPU = Release|Any CPU
	EndGlobalSection
	GlobalSection(ProjectConfigurationPlatforms) = postSolution
		{2BFEA467-C429-4DD1-B66C-9C4BDFD65CC0}.Debug|Any CPU.ActiveCfg = Debug|Any CPU
		{2BFEA467-C429-4DD1-B66C-9C4BDFD65CC0}.Debug|Any CPU.Build.0 = Debug|Any CPU
		{2BFEA467-C429-4DD1-B66C-9C4BDFD65CC0}.Release|Any CPU.ActiveCfg = Release|Any CPU
		{2BFEA467-C429-4DD1-B66C-9C4BDFD65CC0}.Release|Any CPU.Build.0 = Release|Any CPU
	EndGlobalSection
	GlobalSection(SolutionProperties) = preSolution
		HideSolutionNode = FALSE
	EndGlobalSection
	GlobalSection(ExtensibilityGlobals) = postSolution
		SolutionGuid = {E0ADFDBE-132D-402C-8255-AA4A2B24FA6C}
	EndGlobalSection
EndGlobal
